
Microsoft Visual Studio Solution File, Format Version 12.00
# Visual Studio Version 17
VisualStudioVersion = 17.14.36811.4 d17.14
MinimumVisualStudioVersion = 10.0.40219.1
Project("{FAE04EC0-301F-11D3-BF4B-00C04F79EFBC}") = "Ant colony optimization", "Ant colony optimization\Ant colony optimization.csproj", "{317A9EEC-B484-4E74-9493-1AD1C05AA3FF}"
EndProject
Global
	GlobalSection(SolutionConfigurationPlatforms) = preSolution
		Debug|Any CPU = Debug|Any CPU
		Release|Any CPU = Release|Any CPU
	EndGlobalSection
	GlobalSection(ProjectConfigurationPlatforms) = postSolution
		{317A9EEC-B484-4E74-9493-1AD1C05AA3FF}.Debug|Any CPU.ActiveCfg = Debug|Any CPU
		{317A9EEC-B484-4E74-9493-1AD1C05AA3FF}.Debug|Any CPU.Build.0 = Debug|Any CPU
		{317A9EEC-B484-4E74-9493-1AD1C05AA3FF}.Release|Any CPU.ActiveCfg = Release|Any CPU
		{317A9EEC-B484-4E74-9493-1AD1C05AA3FF}.Release|Any CPU.Build.0 = Release|Any CPU
	EndGlobalSection
	GlobalSection(SolutionProperties) = preSolution
		HideSolutionNode = FALSE
	EndGlobalSection
	GlobalSection(ExtensibilityGlobals) = postSolution
		SolutionGuid = {E12CEA37-CB15-40BE-988A-6CEAC9A1F332}
	EndGlobalSection
EndGlobal
