
Microsoft Visual Studio Solution File, Format Version 12.00
# Visual Studio Version 16
VisualStudioVersion = 16.0.31424.327
MinimumVisualStudioVersion = 10.0.40219.1
Project("{FAE04EC0-301F-11D3-BF4B-00C04F79EFBC}") = "UDPChatWinForms", "UDPChatWinForms\UDPChatWinForms.csproj", "{8D736FDC-2917-42D3-8B2D-FE469DB53361}"
EndProject
Global
	GlobalSection(SolutionConfigurationPlatforms) = preSolution
		Debug|Any CPU = Debug|Any CPU
		Release|Any CPU = Release|Any CPU
	EndGlobalSection
	GlobalSection(ProjectConfigurationPlatforms) = postSolution
		{8D736FDC-2917-42D3-8B2D-FE469DB53361}.Debug|Any CPU.ActiveCfg = Debug|Any CPU
		{8D736FDC-2917-42D3-8B2D-FE469DB53361}.Debug|Any CPU.Build.0 = Debug|Any CPU
		{8D736FDC-2917-42D3-8B2D-FE469DB53361}.Release|Any CPU.ActiveCfg = Release|Any CPU
		{8D736FDC-2917-42D3-8B2D-FE469DB53361}.Release|Any CPU.Build.0 = Release|Any CPU
	EndGlobalSection
	GlobalSection(SolutionProperties) = preSolution
		HideSolutionNode = FALSE
	EndGlobalSection
	GlobalSection(ExtensibilityGlobals) = postSolution
		SolutionGuid = {945543C9-8D83-456F-BCBF-A6CCE9B72AB7}
	EndGlobalSection
EndGlobal
