
Microsoft Visual Studio Solution File, Format Version 12.00
# Visual Studio Version 17
VisualStudioVersion = 17.14.36811.4 d17.14
MinimumVisualStudioVersion = 10.0.40219.1
Project("{FAE04EC0-301F-11D3-BF4B-00C04F79EFBC}") = "Thats Odd", "Thats Odd\Thats Odd.csproj", "{F9BE6BF8-F8CA-4788-81E2-974D4BDE4E4E}"
EndProject
Project("{FAE04EC0-301F-11D3-BF4B-00C04F79EFBC}") = "TestProjectThatsOdd", "TestProjectThatsOdd\TestProjectThatsOdd.csproj", "{A97CB84D-5AA8-4A45-AF39-7EDD8D57AB67}"
EndProject
Global
	GlobalSection(SolutionConfigurationPlatforms) = preSolution
		Debug|Any CPU = Debug|Any CPU
		Release|Any CPU = Release|Any CPU
	EndGlobalSection
	GlobalSection(ProjectConfigurationPlatforms) = postSolution
		{F9BE6BF8-F8CA-4788-81E2-974D4BDE4E4E}.Debug|Any CPU.ActiveCfg = Debug|Any CPU
		{F9BE6BF8-F8CA-4788-81E2-974D4BDE4E4E}.Debug|Any CPU.Build.0 = Debug|Any CPU
		{F9BE6BF8-F8CA-4788-81E2-974D4BDE4E4E}.Release|Any CPU.ActiveCfg = Release|Any CPU
		{F9BE6BF8-F8CA-4788-81E2-974D4BDE4E4E}.Release|Any CPU.Build.0 = Release|Any CPU
		{A97CB84D-5AA8-4A45-AF39-7EDD8D57AB67}.Debug|Any CPU.ActiveCfg = Debug|Any CPU
		{A97CB84D-5AA8-4A45-AF39-7EDD8D57AB67}.Debug|Any CPU.Build.0 = Debug|Any CPU
		{A97CB84D-5AA8-4A45-AF39-7EDD8D57AB67}.Release|Any CPU.ActiveCfg = Release|Any CPU
		{A97CB84D-5AA8-4A45-AF39-7EDD8D57AB67}.Release|Any CPU.Build.0 = Release|Any CPU
	EndGlobalSection
	GlobalSection(SolutionProperties) = preSolution
		HideSolutionNode = FALSE
	EndGlobalSection
	GlobalSection(ExtensibilityGlobals) = postSolution
		SolutionGuid = {1716113E-CD98-423B-99A6-5216A16CD2E9}
	EndGlobalSection
EndGlobal
