
Microsoft Visual Studio Solution File, Format Version 12.00
# Visual Studio Version 16
VisualStudioVersion = 16.0.31424.327
MinimumVisualStudioVersion = 10.0.40219.1
Project("{FAE04EC0-301F-11D3-BF4B-00C04F79EFBC}") = "IP matching", "IP matching\IP matching.csproj", "{FD96484C-7CE2-47F8-B073-73A398E180ED}"
EndProject
Global
	GlobalSection(SolutionConfigurationPlatforms) = preSolution
		Debug|Any CPU = Debug|Any CPU
		Release|Any CPU = Release|Any CPU
	EndGlobalSection
	GlobalSection(ProjectConfigurationPlatforms) = postSolution
		{FD96484C-7CE2-47F8-B073-73A398E180ED}.Debug|Any CPU.ActiveCfg = Debug|Any CPU
		{FD96484C-7CE2-47F8-B073-73A398E180ED}.Debug|Any CPU.Build.0 = Debug|Any CPU
		{FD96484C-7CE2-47F8-B073-73A398E180ED}.Release|Any CPU.ActiveCfg = Release|Any CPU
		{FD96484C-7CE2-47F8-B073-73A398E180ED}.Release|Any CPU.Build.0 = Release|Any CPU
	EndGlobalSection
	GlobalSection(SolutionProperties) = preSolution
		HideSolutionNode = FALSE
	EndGlobalSection
	GlobalSection(ExtensibilityGlobals) = postSolution
		SolutionGuid = {E5233C1E-BA0D-4A86-9D91-2C6AD99CC55F}
	EndGlobalSection
EndGlobal
